# This file is automatically @generated by Poetry 2.4.1 and should not be changed by hand.

[[package]]
name = "forestmq"
version = "0.0.1"
description = ""
optional = false
python-versions = ">=3.13"
groups = ["main"]
files = []
develop = false

[package.source]
type = "directory"
url = "../.."

[metadata]
lock-version = "2.1"
python-versions = ">=3.13"
content-hash = "f8e8cf3253cb4a13e63cecc360509c30b1a2017ffffaaee27b45d61e79e97a10"
